
Microsoft Visual Studio Solution File, Format Version 12.00
# Visual Studio Version 17
VisualStudioVersion = 17.6.33815.320
MinimumVisualStudioVersion = 10.0.40219.1
Project("{9A19103F-16F7-4668-BE54-9A1E7A4F7556}") = "BlogPortal", "BlogPortal\BlogPortal.csproj", "{6B901951-B27C-436D-9CDD-01B8135F9699}"
EndProject
Project("{2150E333-8FDC-42A3-9474-1A3956D46DE8}") = "Элементы решения", "Элементы решения", "{8589702B-4BE4-41AF-B574-09A6867E6148}"
	ProjectSection(SolutionItems) = preProject
		.gitignore = .gitignore
	EndProjectSection
EndProject
Global
	GlobalSection(SolutionConfigurationPlatforms) = preSolution
		Debug|Any CPU = Debug|Any CPU
		Release|Any CPU = Release|Any CPU
	EndGlobalSection
	GlobalSection(ProjectConfigurationPlatforms) = postSolution
		{6B901951-B27C-436D-9CDD-01B8135F9699}.Debug|Any CPU.ActiveCfg = Debug|Any CPU
		{6B901951-B27C-436D-9CDD-01B8135F9699}.Debug|Any CPU.Build.0 = Debug|Any CPU
		{6B901951-B27C-436D-9CDD-01B8135F9699}.Release|Any CPU.ActiveCfg = Release|Any CPU
		{6B901951-B27C-436D-9CDD-01B8135F9699}.Release|Any CPU.Build.0 = Release|Any CPU
	EndGlobalSection
	GlobalSection(SolutionProperties) = preSolution
		HideSolutionNode = FALSE
	EndGlobalSection
	GlobalSection(ExtensibilityGlobals) = postSolution
		SolutionGuid = {CAAC19B9-AE6D-42A9-B1CC-D9EFD64E3F37}
	EndGlobalSection
EndGlobal
